# This file is autogenerated, do not edit; changes may be undone by the next 'dep ensure'.


[[projects]]
  name = "github.com/aws/aws-sdk-go"
  packages = ["aws","aws/awserr","aws/awsutil","aws/client","aws/client/metadata","aws/corehandlers","aws/credentials","aws/credentials/ec2rolecreds","aws/credentials/endpointcreds","aws/credentials/stscreds","aws/defaults","aws/ec2metadata","aws/endpoints","aws/request","aws/session","aws/signer/v4","internal/shareddefaults","private/protocol","private/protocol/json/jsonutil","private/protocol/jsonrpc","private/protocol/query","private/protocol/query/queryutil","private/protocol/rest","private/protocol/xml/xmlutil","service/kinesis","service/sts"]
  revision = "e63027ac6e05f6d4ae9f97ce0294d7468ca652da"
  version = "v1.10.33"

[[projects]]
  branch = "master"
  name = "github.com/comail/colog"
  packages = ["."]
  revision = "fba8e7b1f46c3607f09760ce3880066e7ff57c5a"

[[projects]]
  name = "github.com/davecgh/go-spew"
  packages = ["spew"]
  revision = "346938d642f2ec3594ed81d874461961cd0faa76"
  version = "v1.1.0"

[[projects]]
  name = "github.com/fsnotify/fsnotify"
  packages = ["."]
  revision = "629574ca2a5df945712d3079857300b5e4da0236"
  version = "v1.4.2"

[[projects]]
  name = "github.com/go-ini/ini"
  packages = ["."]
  revision = "20b96f641a5ea98f2f8619ff4f3e061cff4833bd"
  version = "v1.28.2"

[[projects]]
  name = "github.com/go-playground/locales"
  packages = [".","currency"]
  revision = "b860c92274dfb72f517b8b4c11c6d9f2f8cc9d91"
  version = "v0.11.1"

[[projects]]
  name = "github.com/go-playground/universal-translator"
  packages = ["."]
  revision = "b32fa301c9fe55953584134cb6853a13c87ec0a1"
  version = "v0.16.0"

[[projects]]
  name = "github.com/jmespath/go-jmespath"
  packages = ["."]
  revision = "3433f3ea46d9f8019119e7dd41274e112a2359a9"
  version = "0.2.2"

[[projects]]
  name = "github.com/k0kubun/pp"
  packages = ["."]
  revision = "027a6d1765d673d337e687394dbe780dd64e2a1e"
  version = "v2.3.0"

[[projects]]
  name = "github.com/mattn/go-colorable"
  packages = ["."]
  revision = "167de6bfdfba052fa6b2d3664c8f5272e23c9072"
  version = "v0.0.9"

[[projects]]
  name = "github.com/mattn/go-isatty"
  packages = ["."]
  revision = "0360b2af4f38e8d38c7fce2a9f4e702702d73a39"
  version = "v0.0.3"

[[projects]]
  name = "github.com/pmezard/go-difflib"
  packages = ["difflib"]
  revision = "792786c7400a136282c1664665ae0a8db921c6c2"
  version = "v1.0.0"

[[projects]]
  name = "github.com/satori/go.uuid"
  packages = ["."]
  revision = "879c5887cd475cd7864858769793b2ceb0d44feb"
  version = "v1.1.0"

[[projects]]
  name = "github.com/stretchr/testify"
  packages = ["assert"]
  revision = "69483b4bd14f5845b5a1e55bca19e954e827f1d0"
  version = "v1.1.4"

[[projects]]
  branch = "master"
  name = "golang.org/x/sys"
  packages = ["unix"]
  revision = "7ddbeae9ae08c6a06a59597f0c9edbc5ff2444ce"

[[projects]]
  name = "gopkg.in/go-playground/validator.v9"
  packages = ["."]
  revision = "d529ee1b0f30352444f507cc6cdac96bfd12decc"
  version = "v9.6.0"

[[projects]]
  branch = "v2"
  name = "gopkg.in/yaml.v2"
  packages = ["."]
  revision = "eb3733d160e74a9c7e442f435eb3bea458e1d19f"

[solve-meta]
  analyzer-name = "dep"
  analyzer-version = 1
  inputs-digest = "a5449e45049595d5d5aecce8b93a5c049d57ab3a1a0cd5a7a6964c55200a856e"
  solver-name = "gps-cdcl"
  solver-version = 1
